// !$*UTF8*$!
{
	archiveVersion = 1;
	classes = {
	};
	objectVersion = 52;
	objects = {

/* Begin PBXBuildFile section */
		6772CB7426C299C900B01585 /* AppDelegate.swift in Sources */ = {isa = PBXBuildFile; fileRef = 6772CB7326C299C900B01585 /* AppDelegate.swift */; };
		6772CB7626C299C900B01585 /* SceneDelegate.swift in Sources */ = {isa = PBXBuildFile; fileRef = 6772CB7526C299C900B01585 /* SceneDelegate.swift */; };
		6772CB7826C299C900B01585 /* ViewController.swift in Sources */ = {isa = PBXBuildFile; fileRef = 6772CB7726C299C900B01585 /* ViewController.swift */; };
		6772CB7B26C299C900B01585 /* Main.storyboard in Resources */ = {isa = PBXBuildFile; fileRef = 6772CB7926C299C900B01585 /* Main.storyboard */; };
		6772CB7D26C299CA00B01585 /* Assets.xcassets in Resources */ = {isa = PBXBuildFile; fileRef = 6772CB7C26C299CA00B01585 /* Assets.xcassets */; };
		6772CB8026C299CA00B01585 /* LaunchScreen.storyboard in Resources */ = {isa = PBXBuildFile; fileRef = 6772CB7E26C299CA00B01585 /* LaunchScreen.storyboard */; };
		6772CB8B26C299CB00B01585 /* iCryptoHelperTests.swift in Sources */ = {isa = PBXBuildFile; fileRef = 6772CB8A26C299CB00B01585 /* iCryptoHelperTests.swift */; };
		6772CB9626C299CB00B01585 /* iCryptoHelperUITests.swift in Sources */ = {isa = PBXBuildFile; fileRef = 6772CB9526C299CB00B01585 /* iCryptoHelperUITests.swift */; };
		6772CBAA26C29DAB00B01585 /* CoinGeckoApi in Frameworks */ = {isa = PBXBuildFile; productRef = 6772CBA926C29DAB00B01585 /* CoinGeckoApi */; };
/* End PBXBuildFile section */

/* Begin PBXContainerItemProxy section */
		6772CB8726C299CB00B01585 /* PBXContainerItemProxy */ = {
			isa = PBXContainerItemProxy;
			containerPortal = 6772CB6826C299C900B01585 /* Project object */;
			proxyType = 1;
			remoteGlobalIDString = 6772CB6F26C299C900B01585;
			remoteInfo = iCryptoHelper;
		};
		6772CB9226C299CB00B01585 /* PBXContainerItemProxy */ = {
			isa = PBXContainerItemProxy;
			containerPortal = 6772CB6826C299C900B01585 /* Project object */;
			proxyType = 1;
			remoteGlobalIDString = 6772CB6F26C299C900B01585;
			remoteInfo = iCryptoHelper;
		};
/* End PBXContainerItemProxy section */

/* Begin PBXFileReference section */
		6772CB7026C299C900B01585 /* iCryptoHelper.app */ = {isa = PBXFileReference; explicitFileType = wrapper.application; includeInIndex = 0; path = iCryptoHelper.app; sourceTree = BUILT_PRODUCTS_DIR; };
		6772CB7326C299C900B01585 /* AppDelegate.swift */ = {isa = PBXFileReference; lastKnownFileType = sourcecode.swift; path = AppDelegate.swift; sourceTree = "<group>"; };
		6772CB7526C299C900B01585 /* SceneDelegate.swift */ = {isa = PBXFileReference; lastKnownFileType = sourcecode.swift; path = SceneDelegate.swift; sourceTree = "<group>"; };
		6772CB7726C299C900B01585 /* ViewController.swift */ = {isa = PBXFileReference; lastKnownFileType = sourcecode.swift; path = ViewController.swift; sourceTree = "<group>"; };
		6772CB7A26C299C900B01585 /* Base */ = {isa = PBXFileReference; lastKnownFileType = file.storyboard; name = Base; path = Base.lproj/Main.storyboard; sourceTree = "<group>"; };
		6772CB7C26C299CA00B01585 /* Assets.xcassets */ = {isa = PBXFileReference; lastKnownFileType = folder.assetcatalog; path = Assets.xcassets; sourceTree = "<group>"; };
		6772CB7F26C299CA00B01585 /* Base */ = {isa = PBXFileReference; lastKnownFileType = file.storyboard; name = Base; path = Base.lproj/LaunchScreen.storyboard; sourceTree = "<group>"; };
		6772CB8126C299CA00B01585 /* Info.plist */ = {isa = PBXFileReference; lastKnownFileType = text.plist.xml; path = Info.plist; sourceTree = "<group>"; };
		6772CB8626C299CB00B01585 /* iCryptoHelperTests.xctest */ = {isa = PBXFileReference; explicitFileType = wrapper.cfbundle; includeInIndex = 0; path = iCryptoHelperTests.xctest; sourceTree = BUILT_PRODUCTS_DIR; };
		6772CB8A26C299CB00B01585 /* iCryptoHelperTests.swift */ = {isa = PBXFileReference; lastKnownFileType = sourcecode.swift; path = iCryptoHelperTests.swift; sourceTree = "<group>"; };
		6772CB8C26C299CB00B01585 /* Info.plist */ = {isa = PBXFileReference; lastKnownFileType = text.plist.xml; path = Info.plist; sourceTree = "<group>"; };
		6772CB9126C299CB00B01585 /* iCryptoHelperUITests.xctest */ = {isa = PBXFileReference; explicitFileType = wrapper.cfbundle; includeInIndex = 0; path = iCryptoHelperUITests.xctest; sourceTree = BUILT_PRODUCTS_DIR; };
		6772CB9526C299CB00B01585 /* iCryptoHelperUITests.swift */ = {isa = PBXFileReference; lastKnownFileType = sourcecode.swift; path = iCryptoHelperUITests.swift; sourceTree = "<group>"; };
		6772CB9726C299CB00B01585 /* Info.plist */ = {isa = PBXFileReference; lastKnownFileType = text.plist.xml; path = Info.plist; sourceTree = "<group>"; };
		6772CBAB26C29E1C00B01585 /* coingecko-api-swift */ = {isa = PBXFileReference; lastKnownFileType = folder; name = "coingecko-api-swift"; path = "../coingecko-api-swift"; sourceTree = "<group>"; };
/* End PBXFileReference section */

/* Begin PBXFrameworksBuildPhase section */
		6772CB6D26C299C900B01585 /* Frameworks */ = {
			isa = PBXFrameworksBuildPhase;
			buildActionMask = 2147483647;
			files = (
				6772CBAA26C29DAB00B01585 /* CoinGeckoApi in Frameworks */,
			);
			runOnlyForDeploymentPostprocessing = 0;
		};
		6772CB8326C299CB00B01585 /* Frameworks */ = {
			isa = PBXFrameworksBuildPhase;
			buildActionMask = 2147483647;
			files = (
			);
			runOnlyForDeploymentPostprocessing = 0;
		};
		6772CB8E26C299CB00B01585 /* Frameworks */ = {
			isa = PBXFrameworksBuildPhase;
			buildActionMask = 2147483647;
			files = (
			);
			runOnlyForDeploymentPostprocessing = 0;
		};
/* End PBXFrameworksBuildPhase section */

/* Begin PBXGroup section */
		6772CB6726C299C900B01585 = {
			isa = PBXGroup;
			children = (
				6772CBAB26C29E1C00B01585 /* coingecko-api-swift */,
				6772CB7226C299C900B01585 /* iCryptoHelper */,
				6772CB8926C299CB00B01585 /* iCryptoHelperTests */,
				6772CB9426C299CB00B01585 /* iCryptoHelperUITests */,
				6772CB7126C299C900B01585 /* Products */,
				6772CBA526C29D1A00B01585 /* Frameworks */,
			);
			sourceTree = "<group>";
		};
		6772CB7126C299C900B01585 /* Products */ = {
			isa = PBXGroup;
			children = (
				6772CB7026C299C900B01585 /* iCryptoHelper.app */,
				6772CB8626C299CB00B01585 /* iCryptoHelperTests.xctest */,
				6772CB9126C299CB00B01585 /* iCryptoHelperUITests.xctest */,
			);
			name = Products;
			sourceTree = "<group>";
		};
		6772CB7226C299C900B01585 /* iCryptoHelper */ = {
			isa = PBXGroup;
			children = (
				6772CB7326C299C900B01585 /* AppDelegate.swift */,
				6772CB7526C299C900B01585 /* SceneDelegate.swift */,
				6772CB7726C299C900B01585 /* ViewController.swift */,
				6772CB7926C299C900B01585 /* Main.storyboard */,
				6772CB7C26C299CA00B01585 /* Assets.xcassets */,
				6772CB7E26C299CA00B01585 /* LaunchScreen.storyboard */,
				6772CB8126C299CA00B01585 /* Info.plist */,
			);
			path = iCryptoHelper;
			sourceTree = "<group>";
		};
		6772CB8926C299CB00B01585 /* iCryptoHelperTests */ = {
			isa = PBXGroup;
			children = (
				6772CB8A26C299CB00B01585 /* iCryptoHelperTests.swift */,
				6772CB8C26C299CB00B01585 /* Info.plist */,
			);
			path = iCryptoHelperTests;
			sourceTree = "<group>";
		};
		6772CB9426C299CB00B01585 /* iCryptoHelperUITests */ = {
			isa = PBXGroup;
			children = (
				6772CB9526C299CB00B01585 /* iCryptoHelperUITests.swift */,
				6772CB9726C299CB00B01585 /* Info.plist */,
			);
			path = iCryptoHelperUITests;
			sourceTree = "<group>";
		};
		6772CBA526C29D1A00B01585 /* Frameworks */ = {
			isa = PBXGroup;
			children = (
			);
			name = Frameworks;
			sourceTree = "<group>";
		};
/* End PBXGroup section */

/* Begin PBXNativeTarget section */
		6772CB6F26C299C900B01585 /* iCryptoHelper */ = {
			isa = PBXNativeTarget;
			buildConfigurationList = 6772CB9A26C299CB00B01585 /* Build configuration list for PBXNativeTarget "iCryptoHelper" */;
			buildPhases = (
				6772CB6C26C299C900B01585 /* Sources */,
				6772CB6D26C299C900B01585 /* Frameworks */,
				6772CB6E26C299C900B01585 /* Resources */,
			);
			buildRules = (
			);
			dependencies = (
			);
			name = iCryptoHelper;
			packageProductDependencies = (
				6772CBA926C29DAB00B01585 /* CoinGeckoApi */,
			);
			productName = iCryptoHelper;
			productReference = 6772CB7026C299C900B01585 /* iCryptoHelper.app */;
			productType = "com.apple.product-type.application";
		};
		6772CB8526C299CB00B01585 /* iCryptoHelperTests */ = {
			isa = PBXNativeTarget;
			buildConfigurationList = 6772CB9D26C299CB00B01585 /* Build configuration list for PBXNativeTarget "iCryptoHelperTests" */;
			buildPhases = (
				6772CB8226C299CB00B01585 /* Sources */,
				6772CB8326C299CB00B01585 /* Frameworks */,
				6772CB8426C299CB00B01585 /* Resources */,
			);
			buildRules = (
			);
			dependencies = (
				6772CB8826C299CB00B01585 /* PBXTargetDependency */,
			);
			name = iCryptoHelperTests;
			productName = iCryptoHelperTests;
			productReference = 6772CB8626C299CB00B01585 /* iCryptoHelperTests.xctest */;
			productType = "com.apple.product-type.bundle.unit-test";
		};
		6772CB9026C299CB00B01585 /* iCryptoHelperUITests */ = {
			isa = PBXNativeTarget;
			buildConfigurationList = 6772CBA026C299CB00B01585 /* Build configuration list for PBXNativeTarget "iCryptoHelperUITests" */;
			buildPhases = (
				6772CB8D26C299CB00B01585 /* Sources */,
				6772CB8E26C299CB00B01585 /* Frameworks */,
				6772CB8F26C299CB00B01585 /* Resources */,
			);
			buildRules = (
			);
			dependencies = (
				6772CB9326C299CB00B01585 /* PBXTargetDependency */,
			);
			name = iCryptoHelperUITests;
			productName = iCryptoHelperUITests;
			productReference = 6772CB9126C299CB00B01585 /* iCryptoHelperUITests.xctest */;
			productType = "com.apple.product-type.bundle.ui-testing";
		};
/* End PBXNativeTarget section */

/* Begin PBXProject section */
		6772CB6826C299C900B01585 /* Project object */ = {
			isa = PBXProject;
			attributes = {
				LastSwiftUpdateCheck = 1250;
				LastUpgradeCheck = 1250;
				TargetAttributes = {
					6772CB6F26C299C900B01585 = {
						CreatedOnToolsVersion = 12.5;
					};
					6772CB8526C299CB00B01585 = {
						CreatedOnToolsVersion = 12.5;
						TestTargetID = 6772CB6F26C299C900B01585;
					};
					6772CB9026C299CB00B01585 = {
						CreatedOnToolsVersion = 12.5;
						TestTargetID = 6772CB6F26C299C900B01585;
					};
				};
			};
			buildConfigurationList = 6772CB6B26C299C900B01585 /* Build configuration list for PBXProject "iCryptoHelper" */;
			compatibilityVersion = "Xcode 9.3";
			developmentRegion = en;
			hasScannedForEncodings = 0;
			knownRegions = (
				en,
				Base,
			);
			mainGroup = 6772CB6726C299C900B01585;
			packageReferences = (
				6772CBA826C29DAB00B01585 /* XCRemoteSwiftPackageReference "coingecko-api-swift" */,
			);
			productRefGroup = 6772CB7126C299C900B01585 /* Products */;
			projectDirPath = "";
			projectRoot = "";
			targets = (
				6772CB6F26C299C900B01585 /* iCryptoHelper */,
				6772CB8526C299CB00B01585 /* iCryptoHelperTests */,
				6772CB9026C299CB00B01585 /* iCryptoHelperUITests */,
			);
		};
/* End PBXProject section */

/* Begin PBXResourcesBuildPhase section */
		6772CB6E26C299C900B01585 /* Resources */ = {
			isa = PBXResourcesBuildPhase;
			buildActionMask = 2147483647;
			files = (
				6772CB8026C299CA00B01585 /* LaunchScreen.storyboard in Resources */,
				6772CB7D26C299CA00B01585 /* Assets.xcassets in Resources */,
				6772CB7B26C299C900B01585 /* Main.storyboard in Resources */,
			);
			runOnlyForDeploymentPostprocessing = 0;
		};
		6772CB8426C299CB00B01585 /* Resources */ = {
			isa = PBXResourcesBuildPhase;
			buildActionMask = 2147483647;
			files = (
			);
			runOnlyForDeploymentPostprocessing = 0;
		};
		6772CB8F26C299CB00B01585 /* Resources */ = {
			isa = PBXResourcesBuildPhase;
			buildActionMask = 2147483647;
			files = (
			);
			runOnlyForDeploymentPostprocessing = 0;
		};
/* End PBXResourcesBuildPhase section */

/* Begin PBXSourcesBuildPhase section */
		6772CB6C26C299C900B01585 /* Sources */ = {
			isa = PBXSourcesBuildPhase;
			buildActionMask = 2147483647;
			files = (
				6772CB7826C299C900B01585 /* ViewController.swift in Sources */,
				6772CB7426C299C900B01585 /* AppDelegate.swift in Sources */,
				6772CB7626C299C900B01585 /* SceneDelegate.swift in Sources */,
			);
			runOnlyForDeploymentPostprocessing = 0;
		};
		6772CB8226C299CB00B01585 /* Sources */ = {
			isa = PBXSourcesBuildPhase;
			buildActionMask = 2147483647;
			files = (
				6772CB8B26C299CB00B01585 /* iCryptoHelperTests.swift in Sources */,
			);
			runOnlyForDeploymentPostprocessing = 0;
		};
		6772CB8D26C299CB00B01585 /* Sources */ = {
			isa = PBXSourcesBuildPhase;
			buildActionMask = 2147483647;
			files = (
				6772CB9626C299CB00B01585 /* iCryptoHelperUITests.swift in Sources */,
			);
			runOnlyForDeploymentPostprocessing = 0;
		};
/* End PBXSourcesBuildPhase section */

/* Begin PBXTargetDependency section */
		6772CB8826C299CB00B01585 /* PBXTargetDependency */ = {
			isa = PBXTargetDependency;
			target = 6772CB6F26C299C900B01585 /* iCryptoHelper */;
			targetProxy = 6772CB8726C299CB00B01585 /* PBXContainerItemProxy */;
		};
		6772CB9326C299CB00B01585 /* PBXTargetDependency */ = {
			isa = PBXTargetDependency;
			target = 6772CB6F26C299C900B01585 /* iCryptoHelper */;
			targetProxy = 6772CB9226C299CB00B01585 /* PBXContainerItemProxy */;
		};
/* End PBXTargetDependency section */

/* Begin PBXVariantGroup section */
		6772CB7926C299C900B01585 /* Main.storyboard */ = {
			isa = PBXVariantGroup;
			children = (
				6772CB7A26C299C900B01585 /* Base */,
			);
			name = Main.storyboard;
			sourceTree = "<group>";
		};
		6772CB7E26C299CA00B01585 /* LaunchScreen.storyboard */ = {
			isa = PBXVariantGroup;
			children = (
				6772CB7F26C299CA00B01585 /* Base */,
			);
			name = LaunchScreen.storyboard;
			sourceTree = "<group>";
		};
/* End PBXVariantGroup section */

/* Begin XCBuildConfiguration section */
		6772CB9826C299CB00B01585 /* Debug */ = {
			isa = XCBuildConfiguration;
			buildSettings = {
				ALWAYS_SEARCH_USER_PATHS = NO;
				CLANG_ANALYZER_NONNULL = YES;
				CLANG_ANALYZER_NUMBER_OBJECT_CONVERSION = YES_AGGRESSIVE;
				CLANG_CXX_LANGUAGE_STANDARD = "gnu++14";
				CLANG_CXX_LIBRARY = "libc++";
				CLANG_ENABLE_MODULES = YES;
				CLANG_ENABLE_OBJC_ARC = YES;
				CLANG_ENABLE_OBJC_WEAK = YES;
				CLANG_WARN_BLOCK_CAPTURE_AUTORELEASING = YES;
				CLANG_WARN_BOOL_CONVERSION = YES;
				CLANG_WARN_COMMA = YES;
				CLANG_WARN_CONSTANT_CONVERSION = YES;
				CLANG_WARN_DEPRECATED_OBJC_IMPLEMENTATIONS = YES;
				CLANG_WARN_DIRECT_OBJC_ISA_USAGE = YES_ERROR;
				CLANG_WARN_DOCUMENTATION_COMMENTS = YES;
				CLANG_WARN_EMPTY_BODY = YES;
				CLANG_WARN_ENUM_CONVERSION = YES;
				CLANG_WARN_INFINITE_RECURSION = YES;
				CLANG_WARN_INT_CONVERSION = YES;
				CLANG_WARN_NON_LITERAL_NULL_CONVERSION = YES;
				CLANG_WARN_OBJC_IMPLICIT_RETAIN_SELF = YES;
				CLANG_WARN_OBJC_LITERAL_CONVERSION = YES;
				CLANG_WARN_OBJC_ROOT_CLASS = YES_ERROR;
				CLANG_WARN_QUOTED_INCLUDE_IN_FRAMEWORK_HEADER = YES;
				CLANG_WARN_RANGE_LOOP_ANALYSIS = YES;
				CLANG_WARN_STRICT_PROTOTYPES = YES;
				CLANG_WARN_SUSPICIOUS_MOVE = YES;
				CLANG_WARN_UNGUARDED_AVAILABILITY = YES_AGGRESSIVE;
				CLANG_WARN_UNREACHABLE_CODE = YES;
				CLANG_WARN__DUPLICATE_METHOD_MATCH = YES;
				COPY_PHASE_STRIP = NO;
				DEBUG_INFORMATION_FORMAT = dwarf;
				ENABLE_STRICT_OBJC_MSGSEND = YES;
				ENABLE_TESTABILITY = YES;
				GCC_C_LANGUAGE_STANDARD = gnu11;
				GCC_DYNAMIC_NO_PIC = NO;
				GCC_NO_COMMON_BLOCKS = YES;
				GCC_OPTIMIZATION_LEVEL = 0;
				GCC_PREPROCESSOR_DEFINITIONS = (
					"DEBUG=1",
					"$(inherited)",
				);
				GCC_WARN_64_TO_32_BIT_CONVERSION = YES;
				GCC_WARN_ABOUT_RETURN_TYPE = YES_ERROR;
				GCC_WARN_UNDECLARED_SELECTOR = YES;
				GCC_WARN_UNINITIALIZED_AUTOS = YES_AGGRESSIVE;
				GCC_WARN_UNUSED_FUNCTION = YES;
				GCC_WARN_UNUSED_VARIABLE = YES;
				IPHONEOS_DEPLOYMENT_TARGET = 14.5;
				MTL_ENABLE_DEBUG_INFO = INCLUDE_SOURCE;
				MTL_FAST_MATH = YES;
				ONLY_ACTIVE_ARCH = YES;
				SDKROOT = iphoneos;
				SWIFT_ACTIVE_COMPILATION_CONDITIONS = DEBUG;
				SWIFT_OPTIMIZATION_LEVEL = "-Onone";
			};
			name = Debug;
		};
		6772CB9926C299CB00B01585 /* Release */ = {
			isa = XCBuildConfiguration;
			buildSettings = {
				ALWAYS_SEARCH_USER_PATHS = NO;
				CLANG_ANALYZER_NONNULL = YES;
				CLANG_ANALYZER_NUMBER_OBJECT_CONVERSION = YES_AGGRESSIVE;
				CLANG_CXX_LANGUAGE_STANDARD = "gnu++14";
				CLANG_CXX_LIBRARY = "libc++";
				CLANG_ENABLE_MODULES = YES;
				CLANG_ENABLE_OBJC_ARC = YES;
				CLANG_ENABLE_OBJC_WEAK = YES;
				CLANG_WARN_BLOCK_CAPTURE_AUTORELEASING = YES;
				CLANG_WARN_BOOL_CONVERSION = YES;
				CLANG_WARN_COMMA = YES;
				CLANG_WARN_CONSTANT_CONVERSION = YES;
				CLANG_WARN_DEPRECATED_OBJC_IMPLEMENTATIONS = YES;
				CLANG_WARN_DIRECT_OBJC_ISA_USAGE = YES_ERROR;
				CLANG_WARN_DOCUMENTATION_COMMENTS = YES;
				CLANG_WARN_EMPTY_BODY = YES;
				CLANG_WARN_ENUM_CONVERSION = YES;
				CLANG_WARN_INFINITE_RECURSION = YES;
				CLANG_WARN_INT_CONVERSION = YES;
				CLANG_WARN_NON_LITERAL_NULL_CONVERSION = YES;
				CLANG_WARN_OBJC_IMPLICIT_RETAIN_SELF = YES;
				CLANG_WARN_OBJC_LITERAL_CONVERSION = YES;
				CLANG_WARN_OBJC_ROOT_CLASS = YES_ERROR;
				CLANG_WARN_QUOTED_INCLUDE_IN_FRAMEWORK_HEADER = YES;
				CLANG_WARN_RANGE_LOOP_ANALYSIS = YES;
				CLANG_WARN_STRICT_PROTOTYPES = YES;
				CLANG_WARN_SUSPICIOUS_MOVE = YES;
				CLANG_WARN_UNGUARDED_AVAILABILITY = YES_AGGRESSIVE;
				CLANG_WARN_UNREACHABLE_CODE = YES;
				CLANG_WARN__DUPLICATE_METHOD_MATCH = YES;
				COPY_PHASE_STRIP = NO;
				DEBUG_INFORMATION_FORMAT = "dwarf-with-dsym";
				ENABLE_NS_ASSERTIONS = NO;
				ENABLE_STRICT_OBJC_MSGSEND = YES;
				GCC_C_LANGUAGE_STANDARD = gnu11;
				GCC_NO_COMMON_BLOCKS = YES;
				GCC_WARN_64_TO_32_BIT_CONVERSION = YES;
				GCC_WARN_ABOUT_RETURN_TYPE = YES_ERROR;
				GCC_WARN_UNDECLARED_SELECTOR = YES;
				GCC_WARN_UNINITIALIZED_AUTOS = YES_AGGRESSIVE;
				GCC_WARN_UNUSED_FUNCTION = YES;
				GCC_WARN_UNUSED_VARIABLE = YES;
				IPHONEOS_DEPLOYMENT_TARGET = 14.5;
				MTL_ENABLE_DEBUG_INFO = NO;
				MTL_FAST_MATH = YES;
				SDKROOT = iphoneos;
				SWIFT_COMPILATION_MODE = wholemodule;
				SWIFT_OPTIMIZATION_LEVEL = "-O";
				VALIDATE_PRODUCT = YES;
			};
			name = Release;
		};
		6772CB9B26C299CB00B01585 /* Debug */ = {
			isa = XCBuildConfiguration;
			buildSettings = {
				ASSETCATALOG_COMPILER_APPICON_NAME = AppIcon;
				ASSETCATALOG_COMPILER_GLOBAL_ACCENT_COLOR_NAME = AccentColor;
				CODE_SIGN_STYLE = Automatic;
				DEVELOPMENT_TEAM = MRYL43HQ74;
				INFOPLIST_FILE = iCryptoHelper/Info.plist;
				LD_RUNPATH_SEARCH_PATHS = (
					"$(inherited)",
					"@executable_path/Frameworks",
				);
				PRODUCT_BUNDLE_IDENTIFIER = com.anvarios.icryptohelper.iCryptoHelper;
				PRODUCT_NAME = "$(TARGET_NAME)";
				SWIFT_VERSION = 5.0;
				TARGETED_DEVICE_FAMILY = "1,2";
			};
			name = Debug;
		};
		6772CB9C26C299CB00B01585 /* Release */ = {
			isa = XCBuildConfiguration;
			buildSettings = {
				ASSETCATALOG_COMPILER_APPICON_NAME = AppIcon;
				ASSETCATALOG_COMPILER_GLOBAL_ACCENT_COLOR_NAME = AccentColor;
				CODE_SIGN_STYLE = Automatic;
				DEVELOPMENT_TEAM = MRYL43HQ74;
				INFOPLIST_FILE = iCryptoHelper/Info.plist;
				LD_RUNPATH_SEARCH_PATHS = (
					"$(inherited)",
					"@executable_path/Frameworks",
				);
				PRODUCT_BUNDLE_IDENTIFIER = com.anvarios.icryptohelper.iCryptoHelper;
				PRODUCT_NAME = "$(TARGET_NAME)";
				SWIFT_VERSION = 5.0;
				TARGETED_DEVICE_FAMILY = "1,2";
			};
			name = Release;
		};
		6772CB9E26C299CB00B01585 /* Debug */ = {
			isa = XCBuildConfiguration;
			buildSettings = {
				ALWAYS_EMBED_SWIFT_STANDARD_LIBRARIES = YES;
				BUNDLE_LOADER = "$(TEST_HOST)";
				CODE_SIGN_STYLE = Automatic;
				DEVELOPMENT_TEAM = MRYL43HQ74;
				INFOPLIST_FILE = iCryptoHelperTests/Info.plist;
				IPHONEOS_DEPLOYMENT_TARGET = 14.5;
				LD_RUNPATH_SEARCH_PATHS = (
					"$(inherited)",
					"@executable_path/Frameworks",
					"@loader_path/Frameworks",
				);
				PRODUCT_BUNDLE_IDENTIFIER = com.anvarios.icryptohelper.iCryptoHelperTests;
				PRODUCT_NAME = "$(TARGET_NAME)";
				SWIFT_VERSION = 5.0;
				TARGETED_DEVICE_FAMILY = "1,2";
				TEST_HOST = "$(BUILT_PRODUCTS_DIR)/iCryptoHelper.app/iCryptoHelper";
			};
			name = Debug;
		};
		6772CB9F26C299CB00B01585 /* Release */ = {
			isa = XCBuildConfiguration;
			buildSettings = {
				ALWAYS_EMBED_SWIFT_STANDARD_LIBRARIES = YES;
				BUNDLE_LOADER = "$(TEST_HOST)";
				CODE_SIGN_STYLE = Automatic;
				DEVELOPMENT_TEAM = MRYL43HQ74;
				INFOPLIST_FILE = iCryptoHelperTests/Info.plist;
				IPHONEOS_DEPLOYMENT_TARGET = 14.5;
				LD_RUNPATH_SEARCH_PATHS = (
					"$(inherited)",
					"@executable_path/Frameworks",
					"@loader_path/Frameworks",
				);
				PRODUCT_BUNDLE_IDENTIFIER = com.anvarios.icryptohelper.iCryptoHelperTests;
				PRODUCT_NAME = "$(TARGET_NAME)";
				SWIFT_VERSION = 5.0;
				TARGETED_DEVICE_FAMILY = "1,2";
				TEST_HOST = "$(BUILT_PRODUCTS_DIR)/iCryptoHelper.app/iCryptoHelper";
			};
			name = Release;
		};
		6772CBA126C299CB00B01585 /* Debug */ = {
			isa = XCBuildConfiguration;
			buildSettings = {
				ALWAYS_EMBED_SWIFT_STANDARD_LIBRARIES = YES;
				CODE_SIGN_STYLE = Automatic;
				DEVELOPMENT_TEAM = MRYL43HQ74;
				INFOPLIST_FILE = iCryptoHelperUITests/Info.plist;
				LD_RUNPATH_SEARCH_PATHS = (
					"$(inherited)",
					"@executable_path/Frameworks",
					"@loader_path/Frameworks",
				);
				PRODUCT_BUNDLE_IDENTIFIER = com.anvarios.icryptohelper.iCryptoHelperUITests;
				PRODUCT_NAME = "$(TARGET_NAME)";
				SWIFT_VERSION = 5.0;
				TARGETED_DEVICE_FAMILY = "1,2";
				TEST_TARGET_NAME = iCryptoHelper;
			};
			name = Debug;
		};
		6772CBA226C299CB00B01585 /* Release */ = {
			isa = XCBuildConfiguration;
			buildSettings = {
				ALWAYS_EMBED_SWIFT_STANDARD_LIBRARIES = YES;
				CODE_SIGN_STYLE = Automatic;
				DEVELOPMENT_TEAM = MRYL43HQ74;
				INFOPLIST_FILE = iCryptoHelperUITests/Info.plist;
				LD_RUNPATH_SEARCH_PATHS = (
					"$(inherited)",
					"@executable_path/Frameworks",
					"@loader_path/Frameworks",
				);
				PRODUCT_BUNDLE_IDENTIFIER = com.anvarios.icryptohelper.iCryptoHelperUITests;
				PRODUCT_NAME = "$(TARGET_NAME)";
				SWIFT_VERSION = 5.0;
				TARGETED_DEVICE_FAMILY = "1,2";
				TEST_TARGET_NAME = iCryptoHelper;
			};
			name = Release;
		};
/* End XCBuildConfiguration section */

/* Begin XCConfigurationList section */
		6772CB6B26C299C900B01585 /* Build configuration list for PBXProject "iCryptoHelper" */ = {
			isa = XCConfigurationList;
			buildConfigurations = (
				6772CB9826C299CB00B01585 /* Debug */,
				6772CB9926C299CB00B01585 /* Release */,
			);
			defaultConfigurationIsVisible = 0;
			defaultConfigurationName = Release;
		};
		6772CB9A26C299CB00B01585 /* Build configuration list for PBXNativeTarget "iCryptoHelper" */ = {
			isa = XCConfigurationList;
			buildConfigurations = (
				6772CB9B26C299CB00B01585 /* Debug */,
				6772CB9C26C299CB00B01585 /* Release */,
			);
			defaultConfigurationIsVisible = 0;
			defaultConfigurationName = Release;
		};
		6772CB9D26C299CB00B01585 /* Build configuration list for PBXNativeTarget "iCryptoHelperTests" */ = {
			isa = XCConfigurationList;
			buildConfigurations = (
				6772CB9E26C299CB00B01585 /* Debug */,
				6772CB9F26C299CB00B01585 /* Release */,
			);
			defaultConfigurationIsVisible = 0;
			defaultConfigurationName = Release;
		};
		6772CBA026C299CB00B01585 /* Build configuration list for PBXNativeTarget "iCryptoHelperUITests" */ = {
			isa = XCConfigurationList;
			buildConfigurations = (
				6772CBA126C299CB00B01585 /* Debug */,
				6772CBA226C299CB00B01585 /* Release */,
			);
			defaultConfigurationIsVisible = 0;
			defaultConfigurationName = Release;
		};
/* End XCConfigurationList section */

/* Begin XCRemoteSwiftPackageReference section */
		6772CBA826C29DAB00B01585 /* XCRemoteSwiftPackageReference "coingecko-api-swift" */ = {
			isa = XCRemoteSwiftPackageReference;
			repositoryURL = "https://github.com/anvarios/coingecko-api-swift";
			requirement = {
				branch = master;
				kind = branch;
			};
		};
/* End XCRemoteSwiftPackageReference section */

/* Begin XCSwiftPackageProductDependency section */
		6772CBA926C29DAB00B01585 /* CoinGeckoApi */ = {
			isa = XCSwiftPackageProductDependency;
			package = 6772CBA826C29DAB00B01585 /* XCRemoteSwiftPackageReference "coingecko-api-swift" */;
			productName = CoinGeckoApi;
		};
/* End XCSwiftPackageProductDependency section */
	};
	rootObject = 6772CB6826C299C900B01585 /* Project object */;
}
